
Microsoft Visual Studio Solution File, Format Version 12.00
# Visual Studio 15
VisualStudioVersion = 15.0.26430.15
MinimumVisualStudioVersion = 10.0.40219.1
Project("{2150E333-8FDC-42A3-9474-1A3956D46DE8}") = "Domain", "Domain", "{6C256ADA-8166-4756-9C11-296A9284138E}"
EndProject
Project("{2150E333-8FDC-42A3-9474-1A3956D46DE8}") = "Infra", "Infra", "{BE83EE62-0FED-4CA4-86E2-D58623E4B52D}"
EndProject
Project("{2150E333-8FDC-42A3-9474-1A3956D46DE8}") = "Presentation", "Presentation", "{7557ECEF-C1F5-47AB-850D-4F026C7C3B57}"
EndProject
Project("{2150E333-8FDC-42A3-9474-1A3956D46DE8}") = "Cross", "Cross", "{E99FA209-C78F-44DD-8113-CC98121E961C}"
EndProject
Project("{2150E333-8FDC-42A3-9474-1A3956D46DE8}") = "Data", "Data", "{936418EB-8D49-4043-B7B0-E8890E3C579D}"
EndProject
Project("{2150E333-8FDC-42A3-9474-1A3956D46DE8}") = "AutoMapper", "AutoMapper", "{15D07AAE-D614-4C83-A7C8-3DFCF2FA5940}"
EndProject
Project("{2150E333-8FDC-42A3-9474-1A3956D46DE8}") = "DTO", "DTO", "{4EE4E489-586C-479F-B064-B1B41C1312C7}"
EndProject
Project("{2150E333-8FDC-42A3-9474-1A3956D46DE8}") = "IoC", "IoC", "{DDD30DAE-8A2D-493B-A61C-CF29D4A6726D}"
EndProject
Project("{9A19103F-16F7-4668-BE54-9A1E7A4F7556}") = "CoreBase.Domain", "Domain\CoreBase.Domain.csproj", "{107B4C71-2209-4D9A-ADCE-17A8C37B4F62}"
EndProject
Project("{9A19103F-16F7-4668-BE54-9A1E7A4F7556}") = "CoreBase.Infra.Cross.DTO", "CoreBase.Infra.Cross.DTO\CoreBase.Infra.Cross.DTO.csproj", "{EF82D925-4015-489F-8C5F-FD0E469E2A7E}"
EndProject
Project("{9A19103F-16F7-4668-BE54-9A1E7A4F7556}") = "CoreBase.Infra.Cross.AutoMapper", "CoreBase.Infra.Cross.AutoMapper\CoreBase.Infra.Cross.AutoMapper.csproj", "{2404ECB6-09BD-4CFE-A666-451BC707C0A1}"
EndProject
Project("{9A19103F-16F7-4668-BE54-9A1E7A4F7556}") = "CoreBase.Infra.Cross.IoC", "CoreBase.Infra.Cross.IoC\CoreBase.Infra.Cross.IoC.csproj", "{A7C50250-2E66-4BBD-A727-862A566EF65B}"
EndProject
Project("{9A19103F-16F7-4668-BE54-9A1E7A4F7556}") = "CoreBase.Infra.Data", "CoreBase.Infra.Data\CoreBase.Infra.Data.csproj", "{397EE502-D7E5-4805-B6CE-8BA1AEF113CE}"
EndProject
Project("{FAE04EC0-301F-11D3-BF4B-00C04F79EFBC}") = "CoreBase.Web", "CoreBase.Web\CoreBase.Web.csproj", "{31C17A43-867D-4412-AF72-D1C9773AA6F1}"
EndProject
Global
	GlobalSection(SolutionConfigurationPlatforms) = preSolution
		Debug|Any CPU = Debug|Any CPU
		Release|Any CPU = Release|Any CPU
	EndGlobalSection
	GlobalSection(ProjectConfigurationPlatforms) = postSolution
		{107B4C71-2209-4D9A-ADCE-17A8C37B4F62}.Debug|Any CPU.ActiveCfg = Debug|Any CPU
		{107B4C71-2209-4D9A-ADCE-17A8C37B4F62}.Debug|Any CPU.Build.0 = Debug|Any CPU
		{107B4C71-2209-4D9A-ADCE-17A8C37B4F62}.Release|Any CPU.ActiveCfg = Release|Any CPU
		{107B4C71-2209-4D9A-ADCE-17A8C37B4F62}.Release|Any CPU.Build.0 = Release|Any CPU
		{EF82D925-4015-489F-8C5F-FD0E469E2A7E}.Debug|Any CPU.ActiveCfg = Debug|Any CPU
		{EF82D925-4015-489F-8C5F-FD0E469E2A7E}.Debug|Any CPU.Build.0 = Debug|Any CPU
		{EF82D925-4015-489F-8C5F-FD0E469E2A7E}.Release|Any CPU.ActiveCfg = Release|Any CPU
		{EF82D925-4015-489F-8C5F-FD0E469E2A7E}.Release|Any CPU.Build.0 = Release|Any CPU
		{2404ECB6-09BD-4CFE-A666-451BC707C0A1}.Debug|Any CPU.ActiveCfg = Debug|Any CPU
		{2404ECB6-09BD-4CFE-A666-451BC707C0A1}.Debug|Any CPU.Build.0 = Debug|Any CPU
		{2404ECB6-09BD-4CFE-A666-451BC707C0A1}.Release|Any CPU.ActiveCfg = Release|Any CPU
		{2404ECB6-09BD-4CFE-A666-451BC707C0A1}.Release|Any CPU.Build.0 = Release|Any CPU
		{A7C50250-2E66-4BBD-A727-862A566EF65B}.Debug|Any CPU.ActiveCfg = Debug|Any CPU
		{A7C50250-2E66-4BBD-A727-862A566EF65B}.Debug|Any CPU.Build.0 = Debug|Any CPU
		{A7C50250-2E66-4BBD-A727-862A566EF65B}.Release|Any CPU.ActiveCfg = Release|Any CPU
		{A7C50250-2E66-4BBD-A727-862A566EF65B}.Release|Any CPU.Build.0 = Release|Any CPU
		{397EE502-D7E5-4805-B6CE-8BA1AEF113CE}.Debug|Any CPU.ActiveCfg = Debug|Any CPU
		{397EE502-D7E5-4805-B6CE-8BA1AEF113CE}.Debug|Any CPU.Build.0 = Debug|Any CPU
		{397EE502-D7E5-4805-B6CE-8BA1AEF113CE}.Release|Any CPU.ActiveCfg = Release|Any CPU
		{397EE502-D7E5-4805-B6CE-8BA1AEF113CE}.Release|Any CPU.Build.0 = Release|Any CPU
		{31C17A43-867D-4412-AF72-D1C9773AA6F1}.Debug|Any CPU.ActiveCfg = Debug|Any CPU
		{31C17A43-867D-4412-AF72-D1C9773AA6F1}.Debug|Any CPU.Build.0 = Debug|Any CPU
		{31C17A43-867D-4412-AF72-D1C9773AA6F1}.Release|Any CPU.ActiveCfg = Release|Any CPU
		{31C17A43-867D-4412-AF72-D1C9773AA6F1}.Release|Any CPU.Build.0 = Release|Any CPU
	EndGlobalSection
	GlobalSection(SolutionProperties) = preSolution
		HideSolutionNode = FALSE
	EndGlobalSection
	GlobalSection(NestedProjects) = preSolution
		{E99FA209-C78F-44DD-8113-CC98121E961C} = {BE83EE62-0FED-4CA4-86E2-D58623E4B52D}
		{936418EB-8D49-4043-B7B0-E8890E3C579D} = {BE83EE62-0FED-4CA4-86E2-D58623E4B52D}
		{15D07AAE-D614-4C83-A7C8-3DFCF2FA5940} = {E99FA209-C78F-44DD-8113-CC98121E961C}
		{4EE4E489-586C-479F-B064-B1B41C1312C7} = {E99FA209-C78F-44DD-8113-CC98121E961C}
		{DDD30DAE-8A2D-493B-A61C-CF29D4A6726D} = {E99FA209-C78F-44DD-8113-CC98121E961C}
		{107B4C71-2209-4D9A-ADCE-17A8C37B4F62} = {6C256ADA-8166-4756-9C11-296A9284138E}
		{EF82D925-4015-489F-8C5F-FD0E469E2A7E} = {4EE4E489-586C-479F-B064-B1B41C1312C7}
		{2404ECB6-09BD-4CFE-A666-451BC707C0A1} = {15D07AAE-D614-4C83-A7C8-3DFCF2FA5940}
		{A7C50250-2E66-4BBD-A727-862A566EF65B} = {DDD30DAE-8A2D-493B-A61C-CF29D4A6726D}
		{397EE502-D7E5-4805-B6CE-8BA1AEF113CE} = {936418EB-8D49-4043-B7B0-E8890E3C579D}
		{31C17A43-867D-4412-AF72-D1C9773AA6F1} = {7557ECEF-C1F5-47AB-850D-4F026C7C3B57}
	EndGlobalSection
EndGlobal
